// !$*UTF8*$!
{
	archiveVersion = 1;
	classes = {
	};
	objectVersion = 50;
	objects = {

/* Begin PBXBuildFile section */
		D88121232A827A5400711317 /* AppDelegate.swift in Sources */ = {isa = PBXBuildFile; fileRef = D88121222A827A5300711317 /* AppDelegate.swift */; };
		D88121252A827A5400711317 /* SceneDelegate.swift in Sources */ = {isa = PBXBuildFile; fileRef = D88121242A827A5400711317 /* SceneDelegate.swift */; };
		D88121272A827A5400711317 /* ViewController.swift in Sources */ = {isa = PBXBuildFile; fileRef = D88121262A827A5400711317 /* ViewController.swift */; };
		D881212A2A827A5400711317 /* Main.storyboard in Resources */ = {isa = PBXBuildFile; fileRef = D88121282A827A5400711317 /* Main.storyboard */; };
		D881212C2A827A5400711317 /* Assets.xcassets in Resources */ = {isa = PBXBuildFile; fileRef = D881212B2A827A5400711317 /* Assets.xcassets */; };
		D881212F2A827A5400711317 /* LaunchScreen.storyboard in Resources */ = {isa = PBXBuildFile; fileRef = D881212D2A827A5400711317 /* LaunchScreen.storyboard */; };
		D881213A2A827A5500711317 /* PinoyPokerTests.swift in Sources */ = {isa = PBXBuildFile; fileRef = D88121392A827A5500711317 /* PinoyPokerTests.swift */; };
		D88121452A827A5500711317 /* PinoyPokerUITests.swift in Sources */ = {isa = PBXBuildFile; fileRef = D88121442A827A5500711317 /* PinoyPokerUITests.swift */; };
/* End PBXBuildFile section */

/* Begin PBXContainerItemProxy section */
		D88121362A827A5500711317 /* PBXContainerItemProxy */ = {
			isa = PBXContainerItemProxy;
			containerPortal = D88121172A827A5300711317 /* Project object */;
			proxyType = 1;
			remoteGlobalIDString = D881211E2A827A5300711317;
			remoteInfo = PinoyPoker;
		};
		D88121412A827A5500711317 /* PBXContainerItemProxy */ = {
			isa = PBXContainerItemProxy;
			containerPortal = D88121172A827A5300711317 /* Project object */;
			proxyType = 1;
			remoteGlobalIDString = D881211E2A827A5300711317;
			remoteInfo = PinoyPoker;
		};
/* End PBXContainerItemProxy section */

/* Begin PBXFileReference section */
		D881211F2A827A5300711317 /* PinoyPoker.app */ = {isa = PBXFileReference; explicitFileType = wrapper.application; includeInIndex = 0; path = PinoyPoker.app; sourceTree = BUILT_PRODUCTS_DIR; };
		D88121222A827A5300711317 /* AppDelegate.swift */ = {isa = PBXFileReference; lastKnownFileType = sourcecode.swift; path = AppDelegate.swift; sourceTree = "<group>"; };
		D88121242A827A5400711317 /* SceneDelegate.swift */ = {isa = PBXFileReference; lastKnownFileType = sourcecode.swift; path = SceneDelegate.swift; sourceTree = "<group>"; };
		D88121262A827A5400711317 /* ViewController.swift */ = {isa = PBXFileReference; lastKnownFileType = sourcecode.swift; path = ViewController.swift; sourceTree = "<group>"; };
		D88121292A827A5400711317 /* Base */ = {isa = PBXFileReference; lastKnownFileType = file.storyboard; name = Base; path = Base.lproj/Main.storyboard; sourceTree = "<group>"; };
		D881212B2A827A5400711317 /* Assets.xcassets */ = {isa = PBXFileReference; lastKnownFileType = folder.assetcatalog; path = Assets.xcassets; sourceTree = "<group>"; };
		D881212E2A827A5400711317 /* Base */ = {isa = PBXFileReference; lastKnownFileType = file.storyboard; name = Base; path = Base.lproj/LaunchScreen.storyboard; sourceTree = "<group>"; };
		D88121302A827A5400711317 /* Info.plist */ = {isa = PBXFileReference; lastKnownFileType = text.plist.xml; path = Info.plist; sourceTree = "<group>"; };
		D88121352A827A5500711317 /* PinoyPokerTests.xctest */ = {isa = PBXFileReference; explicitFileType = wrapper.cfbundle; includeInIndex = 0; path = PinoyPokerTests.xctest; sourceTree = BUILT_PRODUCTS_DIR; };
		D88121392A827A5500711317 /* PinoyPokerTests.swift */ = {isa = PBXFileReference; lastKnownFileType = sourcecode.swift; path = PinoyPokerTests.swift; sourceTree = "<group>"; };
		D881213B2A827A5500711317 /* Info.plist */ = {isa = PBXFileReference; lastKnownFileType = text.plist.xml; path = Info.plist; sourceTree = "<group>"; };
		D88121402A827A5500711317 /* PinoyPokerUITests.xctest */ = {isa = PBXFileReference; explicitFileType = wrapper.cfbundle; includeInIndex = 0; path = PinoyPokerUITests.xctest; sourceTree = BUILT_PRODUCTS_DIR; };
		D88121442A827A5500711317 /* PinoyPokerUITests.swift */ = {isa = PBXFileReference; lastKnownFileType = sourcecode.swift; path = PinoyPokerUITests.swift; sourceTree = "<group>"; };
		D88121462A827A5500711317 /* Info.plist */ = {isa = PBXFileReference; lastKnownFileType = text.plist.xml; path = Info.plist; sourceTree = "<group>"; };
/* End PBXFileReference section */

/* Begin PBXFrameworksBuildPhase section */
		D881211C2A827A5300711317 /* Frameworks */ = {
			isa = PBXFrameworksBuildPhase;
			buildActionMask = 2147483647;
			files = (
			);
			runOnlyForDeploymentPostprocessing = 0;
		};
		D88121322A827A5500711317 /* Frameworks */ = {
			isa = PBXFrameworksBuildPhase;
			buildActionMask = 2147483647;
			files = (
			);
			runOnlyForDeploymentPostprocessing = 0;
		};
		D881213D2A827A5500711317 /* Frameworks */ = {
			isa = PBXFrameworksBuildPhase;
			buildActionMask = 2147483647;
			files = (
			);
			runOnlyForDeploymentPostprocessing = 0;
		};
/* End PBXFrameworksBuildPhase section */

/* Begin PBXGroup section */
		D88121162A827A5300711317 = {
			isa = PBXGroup;
			children = (
				D88121212A827A5300711317 /* PinoyPoker */,
				D88121382A827A5500711317 /* PinoyPokerTests */,
				D88121432A827A5500711317 /* PinoyPokerUITests */,
				D88121202A827A5300711317 /* Products */,
			);
			sourceTree = "<group>";
		};
		D88121202A827A5300711317 /* Products */ = {
			isa = PBXGroup;
			children = (
				D881211F2A827A5300711317 /* PinoyPoker.app */,
				D88121352A827A5500711317 /* PinoyPokerTests.xctest */,
				D88121402A827A5500711317 /* PinoyPokerUITests.xctest */,
			);
			name = Products;
			sourceTree = "<group>";
		};
		D88121212A827A5300711317 /* PinoyPoker */ = {
			isa = PBXGroup;
			children = (
				D88121222A827A5300711317 /* AppDelegate.swift */,
				D88121242A827A5400711317 /* SceneDelegate.swift */,
				D88121262A827A5400711317 /* ViewController.swift */,
				D88121282A827A5400711317 /* Main.storyboard */,
				D881212B2A827A5400711317 /* Assets.xcassets */,
				D881212D2A827A5400711317 /* LaunchScreen.storyboard */,
				D88121302A827A5400711317 /* Info.plist */,
			);
			path = PinoyPoker;
			sourceTree = "<group>";
		};
		D88121382A827A5500711317 /* PinoyPokerTests */ = {
			isa = PBXGroup;
			children = (
				D88121392A827A5500711317 /* PinoyPokerTests.swift */,
				D881213B2A827A5500711317 /* Info.plist */,
			);
			path = PinoyPokerTests;
			sourceTree = "<group>";
		};
		D88121432A827A5500711317 /* PinoyPokerUITests */ = {
			isa = PBXGroup;
			children = (
				D88121442A827A5500711317 /* PinoyPokerUITests.swift */,
				D88121462A827A5500711317 /* Info.plist */,
			);
			path = PinoyPokerUITests;
			sourceTree = "<group>";
		};
/* End PBXGroup section */

/* Begin PBXNativeTarget section */
		D881211E2A827A5300711317 /* PinoyPoker */ = {
			isa = PBXNativeTarget;
			buildConfigurationList = D88121492A827A5500711317 /* Build configuration list for PBXNativeTarget "PinoyPoker" */;
			buildPhases = (
				D881211B2A827A5300711317 /* Sources */,
				D881211C2A827A5300711317 /* Frameworks */,
				D881211D2A827A5300711317 /* Resources */,
			);
			buildRules = (
			);
			dependencies = (
			);
			name = PinoyPoker;
			productName = PinoyPoker;
			productReference = D881211F2A827A5300711317 /* PinoyPoker.app */;
			productType = "com.apple.product-type.application";
		};
		D88121342A827A5500711317 /* PinoyPokerTests */ = {
			isa = PBXNativeTarget;
			buildConfigurationList = D881214C2A827A5500711317 /* Build configuration list for PBXNativeTarget "PinoyPokerTests" */;
			buildPhases = (
				D88121312A827A5500711317 /* Sources */,
				D88121322A827A5500711317 /* Frameworks */,
				D88121332A827A5500711317 /* Resources */,
			);
			buildRules = (
			);
			dependencies = (
				D88121372A827A5500711317 /* PBXTargetDependency */,
			);
			name = PinoyPokerTests;
			productName = PinoyPokerTests;
			productReference = D88121352A827A5500711317 /* PinoyPokerTests.xctest */;
			productType = "com.apple.product-type.bundle.unit-test";
		};
		D881213F2A827A5500711317 /* PinoyPokerUITests */ = {
			isa = PBXNativeTarget;
			buildConfigurationList = D881214F2A827A5500711317 /* Build configuration list for PBXNativeTarget "PinoyPokerUITests" */;
			buildPhases = (
				D881213C2A827A5500711317 /* Sources */,
				D881213D2A827A5500711317 /* Frameworks */,
				D881213E2A827A5500711317 /* Resources */,
			);
			buildRules = (
			);
			dependencies = (
				D88121422A827A5500711317 /* PBXTargetDependency */,
			);
			name = PinoyPokerUITests;
			productName = PinoyPokerUITests;
			productReference = D88121402A827A5500711317 /* PinoyPokerUITests.xctest */;
			productType = "com.apple.product-type.bundle.ui-testing";
		};
/* End PBXNativeTarget section */

/* Begin PBXProject section */
		D88121172A827A5300711317 /* Project object */ = {
			isa = PBXProject;
			attributes = {
				LastSwiftUpdateCheck = 1250;
				LastUpgradeCheck = 1250;
				TargetAttributes = {
					D881211E2A827A5300711317 = {
						CreatedOnToolsVersion = 12.5.1;
					};
					D88121342A827A5500711317 = {
						CreatedOnToolsVersion = 12.5.1;
						TestTargetID = D881211E2A827A5300711317;
					};
					D881213F2A827A5500711317 = {
						CreatedOnToolsVersion = 12.5.1;
						TestTargetID = D881211E2A827A5300711317;
					};
				};
			};
			buildConfigurationList = D881211A2A827A5300711317 /* Build configuration list for PBXProject "PinoyPoker" */;
			compatibilityVersion = "Xcode 9.3";
			developmentRegion = en;
			hasScannedForEncodings = 0;
			knownRegions = (
				en,
				Base,
			);
			mainGroup = D88121162A827A5300711317;
			productRefGroup = D88121202A827A5300711317 /* Products */;
			projectDirPath = "";
			projectRoot = "";
			targets = (
				D881211E2A827A5300711317 /* PinoyPoker */,
				D88121342A827A5500711317 /* PinoyPokerTests */,
				D881213F2A827A5500711317 /* PinoyPokerUITests */,
			);
		};
/* End PBXProject section */

/* Begin PBXResourcesBuildPhase section */
		D881211D2A827A5300711317 /* Resources */ = {
			isa = PBXResourcesBuildPhase;
			buildActionMask = 2147483647;
			files = (
				D881212F2A827A5400711317 /* LaunchScreen.storyboard in Resources */,
				D881212C2A827A5400711317 /* Assets.xcassets in Resources */,
				D881212A2A827A5400711317 /* Main.storyboard in Resources */,
			);
			runOnlyForDeploymentPostprocessing = 0;
		};
		D88121332A827A5500711317 /* Resources */ = {
			isa = PBXResourcesBuildPhase;
			buildActionMask = 2147483647;
			files = (
			);
			runOnlyForDeploymentPostprocessing = 0;
		};
		D881213E2A827A5500711317 /* Resources */ = {
			isa = PBXResourcesBuildPhase;
			buildActionMask = 2147483647;
			files = (
			);
			runOnlyForDeploymentPostprocessing = 0;
		};
/* End PBXResourcesBuildPhase section */

/* Begin PBXSourcesBuildPhase section */
		D881211B2A827A5300711317 /* Sources */ = {
			isa = PBXSourcesBuildPhase;
			buildActionMask = 2147483647;
			files = (
				D88121272A827A5400711317 /* ViewController.swift in Sources */,
				D88121232A827A5400711317 /* AppDelegate.swift in Sources */,
				D88121252A827A5400711317 /* SceneDelegate.swift in Sources */,
			);
			runOnlyForDeploymentPostprocessing = 0;
		};
		D88121312A827A5500711317 /* Sources */ = {
			isa = PBXSourcesBuildPhase;
			buildActionMask = 2147483647;
			files = (
				D881213A2A827A5500711317 /* PinoyPokerTests.swift in Sources */,
			);
			runOnlyForDeploymentPostprocessing = 0;
		};
		D881213C2A827A5500711317 /* Sources */ = {
			isa = PBXSourcesBuildPhase;
			buildActionMask = 2147483647;
			files = (
				D88121452A827A5500711317 /* PinoyPokerUITests.swift in Sources */,
			);
			runOnlyForDeploymentPostprocessing = 0;
		};
/* End PBXSourcesBuildPhase section */

/* Begin PBXTargetDependency section */
		D88121372A827A5500711317 /* PBXTargetDependency */ = {
			isa = PBXTargetDependency;
			target = D881211E2A827A5300711317 /* PinoyPoker */;
			targetProxy = D88121362A827A5500711317 /* PBXContainerItemProxy */;
		};
		D88121422A827A5500711317 /* PBXTargetDependency */ = {
			isa = PBXTargetDependency;
			target = D881211E2A827A5300711317 /* PinoyPoker */;
			targetProxy = D88121412A827A5500711317 /* PBXContainerItemProxy */;
		};
/* End PBXTargetDependency section */

/* Begin PBXVariantGroup section */
		D88121282A827A5400711317 /* Main.storyboard */ = {
			isa = PBXVariantGroup;
			children = (
				D88121292A827A5400711317 /* Base */,
			);
			name = Main.storyboard;
			sourceTree = "<group>";
		};
		D881212D2A827A5400711317 /* LaunchScreen.storyboard */ = {
			isa = PBXVariantGroup;
			children = (
				D881212E2A827A5400711317 /* Base */,
			);
			name = LaunchScreen.storyboard;
			sourceTree = "<group>";
		};
/* End PBXVariantGroup section */

/* Begin XCBuildConfiguration section */
		D88121472A827A5500711317 /* Debug */ = {
			isa = XCBuildConfiguration;
			buildSettings = {
				ALWAYS_SEARCH_USER_PATHS = NO;
				CLANG_ANALYZER_NONNULL = YES;
				CLANG_ANALYZER_NUMBER_OBJECT_CONVERSION = YES_AGGRESSIVE;
				CLANG_CXX_LANGUAGE_STANDARD = "gnu++14";
				CLANG_CXX_LIBRARY = "libc++";
				CLANG_ENABLE_MODULES = YES;
				CLANG_ENABLE_OBJC_ARC = YES;
				CLANG_ENABLE_OBJC_WEAK = YES;
				CLANG_WARN_BLOCK_CAPTURE_AUTORELEASING = YES;
				CLANG_WARN_BOOL_CONVERSION = YES;
				CLANG_WARN_COMMA = YES;
				CLANG_WARN_CONSTANT_CONVERSION = YES;
				CLANG_WARN_DEPRECATED_OBJC_IMPLEMENTATIONS = YES;
				CLANG_WARN_DIRECT_OBJC_ISA_USAGE = YES_ERROR;
				CLANG_WARN_DOCUMENTATION_COMMENTS = YES;
				CLANG_WARN_EMPTY_BODY = YES;
				CLANG_WARN_ENUM_CONVERSION = YES;
				CLANG_WARN_INFINITE_RECURSION = YES;
				CLANG_WARN_INT_CONVERSION = YES;
				CLANG_WARN_NON_LITERAL_NULL_CONVERSION = YES;
				CLANG_WARN_OBJC_IMPLICIT_RETAIN_SELF = YES;
				CLANG_WARN_OBJC_LITERAL_CONVERSION = YES;
				CLANG_WARN_OBJC_ROOT_CLASS = YES_ERROR;
				CLANG_WARN_QUOTED_INCLUDE_IN_FRAMEWORK_HEADER = YES;
				CLANG_WARN_RANGE_LOOP_ANALYSIS = YES;
				CLANG_WARN_STRICT_PROTOTYPES = YES;
				CLANG_WARN_SUSPICIOUS_MOVE = YES;
				CLANG_WARN_UNGUARDED_AVAILABILITY = YES_AGGRESSIVE;
				CLANG_WARN_UNREACHABLE_CODE = YES;
				CLANG_WARN__DUPLICATE_METHOD_MATCH = YES;
				COPY_PHASE_STRIP = NO;
				DEBUG_INFORMATION_FORMAT = dwarf;
				ENABLE_STRICT_OBJC_MSGSEND = YES;
				ENABLE_TESTABILITY = YES;
				GCC_C_LANGUAGE_STANDARD = gnu11;
				GCC_DYNAMIC_NO_PIC = NO;
				GCC_NO_COMMON_BLOCKS = YES;
				GCC_OPTIMIZATION_LEVEL = 0;
				GCC_PREPROCESSOR_DEFINITIONS = (
					"DEBUG=1",
					"$(inherited)",
				);
				GCC_WARN_64_TO_32_BIT_CONVERSION = YES;
				GCC_WARN_ABOUT_RETURN_TYPE = YES_ERROR;
				GCC_WARN_UNDECLARED_SELECTOR = YES;
				GCC_WARN_UNINITIALIZED_AUTOS = YES_AGGRESSIVE;
				GCC_WARN_UNUSED_FUNCTION = YES;
				GCC_WARN_UNUSED_VARIABLE = YES;
				IPHONEOS_DEPLOYMENT_TARGET = 14.5;
				MTL_ENABLE_DEBUG_INFO = INCLUDE_SOURCE;
				MTL_FAST_MATH = YES;
				ONLY_ACTIVE_ARCH = YES;
				SDKROOT = iphoneos;
				SWIFT_ACTIVE_COMPILATION_CONDITIONS = DEBUG;
				SWIFT_OPTIMIZATION_LEVEL = "-Onone";
			};
			name = Debug;
		};
		D88121482A827A5500711317 /* Release */ = {
			isa = XCBuildConfiguration;
			buildSettings = {
				ALWAYS_SEARCH_USER_PATHS = NO;
				CLANG_ANALYZER_NONNULL = YES;
				CLANG_ANALYZER_NUMBER_OBJECT_CONVERSION = YES_AGGRESSIVE;
				CLANG_CXX_LANGUAGE_STANDARD = "gnu++14";
				CLANG_CXX_LIBRARY = "libc++";
				CLANG_ENABLE_MODULES = YES;
				CLANG_ENABLE_OBJC_ARC = YES;
				CLANG_ENABLE_OBJC_WEAK = YES;
				CLANG_WARN_BLOCK_CAPTURE_AUTORELEASING = YES;
				CLANG_WARN_BOOL_CONVERSION = YES;
				CLANG_WARN_COMMA = YES;
				CLANG_WARN_CONSTANT_CONVERSION = YES;
				CLANG_WARN_DEPRECATED_OBJC_IMPLEMENTATIONS = YES;
				CLANG_WARN_DIRECT_OBJC_ISA_USAGE = YES_ERROR;
				CLANG_WARN_DOCUMENTATION_COMMENTS = YES;
				CLANG_WARN_EMPTY_BODY = YES;
				CLANG_WARN_ENUM_CONVERSION = YES;
				CLANG_WARN_INFINITE_RECURSION = YES;
				CLANG_WARN_INT_CONVERSION = YES;
				CLANG_WARN_NON_LITERAL_NULL_CONVERSION = YES;
				CLANG_WARN_OBJC_IMPLICIT_RETAIN_SELF = YES;
				CLANG_WARN_OBJC_LITERAL_CONVERSION = YES;
				CLANG_WARN_OBJC_ROOT_CLASS = YES_ERROR;
				CLANG_WARN_QUOTED_INCLUDE_IN_FRAMEWORK_HEADER = YES;
				CLANG_WARN_RANGE_LOOP_ANALYSIS = YES;
				CLANG_WARN_STRICT_PROTOTYPES = YES;
				CLANG_WARN_SUSPICIOUS_MOVE = YES;
				CLANG_WARN_UNGUARDED_AVAILABILITY = YES_AGGRESSIVE;
				CLANG_WARN_UNREACHABLE_CODE = YES;
				CLANG_WARN__DUPLICATE_METHOD_MATCH = YES;
				COPY_PHASE_STRIP = NO;
				DEBUG_INFORMATION_FORMAT = "dwarf-with-dsym";
				ENABLE_NS_ASSERTIONS = NO;
				ENABLE_STRICT_OBJC_MSGSEND = YES;
				GCC_C_LANGUAGE_STANDARD = gnu11;
				GCC_NO_COMMON_BLOCKS = YES;
				GCC_WARN_64_TO_32_BIT_CONVERSION = YES;
				GCC_WARN_ABOUT_RETURN_TYPE = YES_ERROR;
				GCC_WARN_UNDECLARED_SELECTOR = YES;
				GCC_WARN_UNINITIALIZED_AUTOS = YES_AGGRESSIVE;
				GCC_WARN_UNUSED_FUNCTION = YES;
				GCC_WARN_UNUSED_VARIABLE = YES;
				IPHONEOS_DEPLOYMENT_TARGET = 14.5;
				MTL_ENABLE_DEBUG_INFO = NO;
				MTL_FAST_MATH = YES;
				SDKROOT = iphoneos;
				SWIFT_COMPILATION_MODE = wholemodule;
				SWIFT_OPTIMIZATION_LEVEL = "-O";
				VALIDATE_PRODUCT = YES;
			};
			name = Release;
		};
		D881214A2A827A5500711317 /* Debug */ = {
			isa = XCBuildConfiguration;
			buildSettings = {
				ASSETCATALOG_COMPILER_APPICON_NAME = AppIcon;
				ASSETCATALOG_COMPILER_GLOBAL_ACCENT_COLOR_NAME = AccentColor;
				CODE_SIGN_STYLE = Automatic;
				DEVELOPMENT_TEAM = T4A45T5RUG;
				INFOPLIST_FILE = PinoyPoker/Info.plist;
				LD_RUNPATH_SEARCH_PATHS = (
					"$(inherited)",
					"@executable_path/Frameworks",
				);
				PRODUCT_BUNDLE_IDENTIFIER = JohnBernad.PinoyPoker;
				PRODUCT_NAME = "$(TARGET_NAME)";
				SWIFT_VERSION = 5.0;
				TARGETED_DEVICE_FAMILY = "1,2";
			};
			name = Debug;
		};
		D881214B2A827A5500711317 /* Release */ = {
			isa = XCBuildConfiguration;
			buildSettings = {
				ASSETCATALOG_COMPILER_APPICON_NAME = AppIcon;
				ASSETCATALOG_COMPILER_GLOBAL_ACCENT_COLOR_NAME = AccentColor;
				CODE_SIGN_STYLE = Automatic;
				DEVELOPMENT_TEAM = T4A45T5RUG;
				INFOPLIST_FILE = PinoyPoker/Info.plist;
				LD_RUNPATH_SEARCH_PATHS = (
					"$(inherited)",
					"@executable_path/Frameworks",
				);
				PRODUCT_BUNDLE_IDENTIFIER = JohnBernad.PinoyPoker;
				PRODUCT_NAME = "$(TARGET_NAME)";
				SWIFT_VERSION = 5.0;
				TARGETED_DEVICE_FAMILY = "1,2";
			};
			name = Release;
		};
		D881214D2A827A5500711317 /* Debug */ = {
			isa = XCBuildConfiguration;
			buildSettings = {
				ALWAYS_EMBED_SWIFT_STANDARD_LIBRARIES = YES;
				BUNDLE_LOADER = "$(TEST_HOST)";
				CODE_SIGN_STYLE = Automatic;
				DEVELOPMENT_TEAM = T4A45T5RUG;
				INFOPLIST_FILE = PinoyPokerTests/Info.plist;
				IPHONEOS_DEPLOYMENT_TARGET = 14.5;
				LD_RUNPATH_SEARCH_PATHS = (
					"$(inherited)",
					"@executable_path/Frameworks",
					"@loader_path/Frameworks",
				);
				PRODUCT_BUNDLE_IDENTIFIER = JohnBernad.PinoyPokerTests;
				PRODUCT_NAME = "$(TARGET_NAME)";
				SWIFT_VERSION = 5.0;
				TARGETED_DEVICE_FAMILY = "1,2";
				TEST_HOST = "$(BUILT_PRODUCTS_DIR)/PinoyPoker.app/PinoyPoker";
			};
			name = Debug;
		};
		D881214E2A827A5500711317 /* Release */ = {
			isa = XCBuildConfiguration;
			buildSettings = {
				ALWAYS_EMBED_SWIFT_STANDARD_LIBRARIES = YES;
				BUNDLE_LOADER = "$(TEST_HOST)";
				CODE_SIGN_STYLE = Automatic;
				DEVELOPMENT_TEAM = T4A45T5RUG;
				INFOPLIST_FILE = PinoyPokerTests/Info.plist;
				IPHONEOS_DEPLOYMENT_TARGET = 14.5;
				LD_RUNPATH_SEARCH_PATHS = (
					"$(inherited)",
					"@executable_path/Frameworks",
					"@loader_path/Frameworks",
				);
				PRODUCT_BUNDLE_IDENTIFIER = JohnBernad.PinoyPokerTests;
				PRODUCT_NAME = "$(TARGET_NAME)";
				SWIFT_VERSION = 5.0;
				TARGETED_DEVICE_FAMILY = "1,2";
				TEST_HOST = "$(BUILT_PRODUCTS_DIR)/PinoyPoker.app/PinoyPoker";
			};
			name = Release;
		};
		D88121502A827A5500711317 /* Debug */ = {
			isa = XCBuildConfiguration;
			buildSettings = {
				ALWAYS_EMBED_SWIFT_STANDARD_LIBRARIES = YES;
				CODE_SIGN_STYLE = Automatic;
				DEVELOPMENT_TEAM = T4A45T5RUG;
				INFOPLIST_FILE = PinoyPokerUITests/Info.plist;
				LD_RUNPATH_SEARCH_PATHS = (
					"$(inherited)",
					"@executable_path/Frameworks",
					"@loader_path/Frameworks",
				);
				PRODUCT_BUNDLE_IDENTIFIER = JohnBernad.PinoyPokerUITests;
				PRODUCT_NAME = "$(TARGET_NAME)";
				SWIFT_VERSION = 5.0;
				TARGETED_DEVICE_FAMILY = "1,2";
				TEST_TARGET_NAME = PinoyPoker;
			};
			name = Debug;
		};
		D88121512A827A5500711317 /* Release */ = {
			isa = XCBuildConfiguration;
			buildSettings = {
				ALWAYS_EMBED_SWIFT_STANDARD_LIBRARIES = YES;
				CODE_SIGN_STYLE = Automatic;
				DEVELOPMENT_TEAM = T4A45T5RUG;
				INFOPLIST_FILE = PinoyPokerUITests/Info.plist;
				LD_RUNPATH_SEARCH_PATHS = (
					"$(inherited)",
					"@executable_path/Frameworks",
					"@loader_path/Frameworks",
				);
				PRODUCT_BUNDLE_IDENTIFIER = JohnBernad.PinoyPokerUITests;
				PRODUCT_NAME = "$(TARGET_NAME)";
				SWIFT_VERSION = 5.0;
				TARGETED_DEVICE_FAMILY = "1,2";
				TEST_TARGET_NAME = PinoyPoker;
			};
			name = Release;
		};
/* End XCBuildConfiguration section */

/* Begin XCConfigurationList section */
		D881211A2A827A5300711317 /* Build configuration list for PBXProject "PinoyPoker" */ = {
			isa = XCConfigurationList;
			buildConfigurations = (
				D88121472A827A5500711317 /* Debug */,
				D88121482A827A5500711317 /* Release */,
			);
			defaultConfigurationIsVisible = 0;
			defaultConfigurationName = Release;
		};
		D88121492A827A5500711317 /* Build configuration list for PBXNativeTarget "PinoyPoker" */ = {
			isa = XCConfigurationList;
			buildConfigurations = (
				D881214A2A827A5500711317 /* Debug */,
				D881214B2A827A5500711317 /* Release */,
			);
			defaultConfigurationIsVisible = 0;
			defaultConfigurationName = Release;
		};
		D881214C2A827A5500711317 /* Build configuration list for PBXNativeTarget "PinoyPokerTests" */ = {
			isa = XCConfigurationList;
			buildConfigurations = (
				D881214D2A827A5500711317 /* Debug */,
				D881214E2A827A5500711317 /* Release */,
			);
			defaultConfigurationIsVisible = 0;
			defaultConfigurationName = Release;
		};
		D881214F2A827A5500711317 /* Build configuration list for PBXNativeTarget "PinoyPokerUITests" */ = {
			isa = XCConfigurationList;
			buildConfigurations = (
				D88121502A827A5500711317 /* Debug */,
				D88121512A827A5500711317 /* Release */,
			);
			defaultConfigurationIsVisible = 0;
			defaultConfigurationName = Release;
		};
/* End XCConfigurationList section */
	};
	rootObject = D88121172A827A5300711317 /* Project object */;
}
